
Microsoft Visual Studio Solution File, Format Version 12.00
# Visual Studio Version 17
VisualStudioVersion = 17.1.32414.318
MinimumVisualStudioVersion = 10.0.40219.1
Project("{FAE04EC0-301F-11D3-BF4B-00C04F79EFBC}") = "ListaDeTarefas", "ListaDeTarefas\ListaDeTarefas.csproj", "{6250232B-E166-4955-94F7-ABFAE5F3315F}"
EndProject
Global
	GlobalSection(SolutionConfigurationPlatforms) = preSolution
		Debug|Any CPU = Debug|Any CPU
		Release|Any CPU = Release|Any CPU
	EndGlobalSection
	GlobalSection(ProjectConfigurationPlatforms) = postSolution
		{6250232B-E166-4955-94F7-ABFAE5F3315F}.Debug|Any CPU.ActiveCfg = Debug|Any CPU
		{6250232B-E166-4955-94F7-ABFAE5F3315F}.Debug|Any CPU.Build.0 = Debug|Any CPU
		{6250232B-E166-4955-94F7-ABFAE5F3315F}.Release|Any CPU.ActiveCfg = Release|Any CPU
		{6250232B-E166-4955-94F7-ABFAE5F3315F}.Release|Any CPU.Build.0 = Release|Any CPU
	EndGlobalSection
	GlobalSection(SolutionProperties) = preSolution
		HideSolutionNode = FALSE
	EndGlobalSection
	GlobalSection(ExtensibilityGlobals) = postSolution
		SolutionGuid = {A7F1D074-0356-4C3B-8732-773FF3DF75F7}
	EndGlobalSection
EndGlobal
